{
	"name": "skl-events-test",
	"version": "0.0.0",
	"lockfileVersion": 2,
	"requires": true,
	"packages": {
		"": {
			"name": "skl-events-test",
			"version": "0.0.0",
			"dependencies": {
				"@comake/skql-js-engine": "file:./comake-skql-js-engine-0.5.0.tgz",
				"jsonld": "^6.0.0"
			},
			"devDependencies": {
				"@tsconfig/node14": "^1.0.3",
				"@types/jsonld": "^1.5.6",
				"typescript": "^4.5.4"
			}
		},
		"node_modules/@apidevtools/json-schema-ref-parser": {
			"version": "9.0.9",
			"license": "MIT",
			"dependencies": {
				"@jsdevtools/ono": "^7.1.3",
				"@types/json-schema": "^7.0.6",
				"call-me-maybe": "^1.0.1",
				"js-yaml": "^4.1.0"
			}
		},
		"node_modules/@comake/openapi-operation-executor": {
			"version": "0.3.4",
			"license": "MIT",
			"dependencies": {
				"@apidevtools/json-schema-ref-parser": "^9.0.9",
				"axios": "^0.27.2"
			}
		},
		"node_modules/@comake/rmlmapper-js": {
			"version": "0.0.6",
			"license": "MIT",
			"dependencies": {
				"@xmldom/xmldom": "^0.8.2",
				"csvjson": "^5.1.0",
				"fontoxpath": "^3.26.2",
				"html2plaintext": "^2.1.4",
				"jsonld": "^5.2.0",
				"jsonpath-plus": "^7.0.0",
				"language-tags": "^1.0.5",
				"n3": "^1.16.2",
				"slimdom": "^4.0.1",
				"utm": "^1.1.1",
				"xpath": "^0.0.32"
			}
		},
		"node_modules/@comake/rmlmapper-js/node_modules/@digitalbazaar/http-client": {
			"version": "1.2.0",
			"license": "BSD-3-Clause",
			"dependencies": {
				"esm": "^3.2.22",
				"ky": "^0.25.1",
				"ky-universal": "^0.8.2"
			},
			"engines": {
				"node": ">=10.0.0"
			}
		},
		"node_modules/@comake/rmlmapper-js/node_modules/data-uri-to-buffer": {
			"version": "3.0.1",
			"license": "MIT",
			"engines": {
				"node": ">= 6"
			}
		},
		"node_modules/@comake/rmlmapper-js/node_modules/fetch-blob": {
			"version": "2.1.2",
			"license": "MIT",
			"engines": {
				"node": "^10.17.0 || >=12.3.0"
			},
			"peerDependenciesMeta": {
				"domexception": {
					"optional": true
				}
			}
		},
		"node_modules/@comake/rmlmapper-js/node_modules/jsonld": {
			"version": "5.2.0",
			"license": "BSD-3-Clause",
			"dependencies": {
				"@digitalbazaar/http-client": "^1.1.0",
				"canonicalize": "^1.0.1",
				"lru-cache": "^6.0.0",
				"rdf-canonize": "^3.0.0"
			},
			"engines": {
				"node": ">=12"
			}
		},
		"node_modules/@comake/rmlmapper-js/node_modules/ky": {
			"version": "0.25.1",
			"license": "MIT",
			"engines": {
				"node": ">=10"
			},
			"funding": {
				"url": "https://github.com/sindresorhus/ky?sponsor=1"
			}
		},
		"node_modules/@comake/rmlmapper-js/node_modules/ky-universal": {
			"version": "0.8.2",
			"license": "MIT",
			"dependencies": {
				"abort-controller": "^3.0.0",
				"node-fetch": "3.0.0-beta.9"
			},
			"engines": {
				"node": ">=10.17"
			},
			"funding": {
				"url": "https://github.com/sindresorhus/ky-universal?sponsor=1"
			},
			"peerDependencies": {
				"ky": ">=0.17.0",
				"web-streams-polyfill": ">=2.0.0"
			},
			"peerDependenciesMeta": {
				"web-streams-polyfill": {
					"optional": true
				}
			}
		},
		"node_modules/@comake/rmlmapper-js/node_modules/node-fetch": {
			"version": "3.0.0-beta.9",
			"license": "MIT",
			"dependencies": {
				"data-uri-to-buffer": "^3.0.1",
				"fetch-blob": "^2.1.1"
			},
			"engines": {
				"node": "^10.17 || >=12.3"
			},
			"funding": {
				"type": "opencollective",
				"url": "https://opencollective.com/node-fetch"
			}
		},
		"node_modules/@comake/skql-js-engine": {
			"version": "0.5.0",
			"resolved": "file:comake-skql-js-engine-0.5.0.tgz",
			"integrity": "sha512-G6eNlkdqM0qb8JmFsh8VeYj5iFJY3eDZGQx8a//m4N6XCKJFndFCJp4ya1hc/M9PY/ID7/lL8/wncBtODTDH8A==",
			"license": "BSD-4-Clause",
			"dependencies": {
				"@comake/openapi-operation-executor": "^0.3.4",
				"@comake/rmlmapper-js": "^0.0.6",
				"@rmlio/rmlmapper-java-wrapper": "^2.0.3",
				"axios": "^0.27.2",
				"js-yaml": "^4.1.0",
				"jsonld": "^5.2.0",
				"mime-types": "^2.1.35",
				"n3": "^1.16.2",
				"rdf-validate-shacl": "^0.4.4",
				"uuid": "^8.3.2"
			}
		},
		"node_modules/@comake/skql-js-engine/node_modules/@digitalbazaar/http-client": {
			"version": "1.2.0",
			"license": "BSD-3-Clause",
			"dependencies": {
				"esm": "^3.2.22",
				"ky": "^0.25.1",
				"ky-universal": "^0.8.2"
			},
			"engines": {
				"node": ">=10.0.0"
			}
		},
		"node_modules/@comake/skql-js-engine/node_modules/data-uri-to-buffer": {
			"version": "3.0.1",
			"license": "MIT",
			"engines": {
				"node": ">= 6"
			}
		},
		"node_modules/@comake/skql-js-engine/node_modules/fetch-blob": {
			"version": "2.1.2",
			"license": "MIT",
			"engines": {
				"node": "^10.17.0 || >=12.3.0"
			},
			"peerDependenciesMeta": {
				"domexception": {
					"optional": true
				}
			}
		},
		"node_modules/@comake/skql-js-engine/node_modules/jsonld": {
			"version": "5.2.0",
			"license": "BSD-3-Clause",
			"dependencies": {
				"@digitalbazaar/http-client": "^1.1.0",
				"canonicalize": "^1.0.1",
				"lru-cache": "^6.0.0",
				"rdf-canonize": "^3.0.0"
			},
			"engines": {
				"node": ">=12"
			}
		},
		"node_modules/@comake/skql-js-engine/node_modules/ky": {
			"version": "0.25.1",
			"license": "MIT",
			"engines": {
				"node": ">=10"
			},
			"funding": {
				"url": "https://github.com/sindresorhus/ky?sponsor=1"
			}
		},
		"node_modules/@comake/skql-js-engine/node_modules/ky-universal": {
			"version": "0.8.2",
			"license": "MIT",
			"dependencies": {
				"abort-controller": "^3.0.0",
				"node-fetch": "3.0.0-beta.9"
			},
			"engines": {
				"node": ">=10.17"
			},
			"funding": {
				"url": "https://github.com/sindresorhus/ky-universal?sponsor=1"
			},
			"peerDependencies": {
				"ky": ">=0.17.0",
				"web-streams-polyfill": ">=2.0.0"
			},
			"peerDependenciesMeta": {
				"web-streams-polyfill": {
					"optional": true
				}
			}
		},
		"node_modules/@comake/skql-js-engine/node_modules/node-fetch": {
			"version": "3.0.0-beta.9",
			"license": "MIT",
			"dependencies": {
				"data-uri-to-buffer": "^3.0.1",
				"fetch-blob": "^2.1.1"
			},
			"engines": {
				"node": "^10.17 || >=12.3"
			},
			"funding": {
				"type": "opencollective",
				"url": "https://opencollective.com/node-fetch"
			}
		},
		"node_modules/@digitalbazaar/http-client": {
			"version": "3.2.0",
			"license": "BSD-3-Clause",
			"dependencies": {
				"ky": "^0.30.0",
				"ky-universal": "^0.10.1",
				"undici": "^5.2.0"
			},
			"engines": {
				"node": ">=14.0"
			}
		},
		"node_modules/@jsdevtools/ono": {
			"version": "7.1.3",
			"license": "MIT"
		},
		"node_modules/@rdfjs/data-model": {
			"version": "1.3.4",
			"license": "MIT",
			"dependencies": {
				"@rdfjs/types": ">=1.0.1"
			},
			"bin": {
				"rdfjs-data-model-test": "bin/test.js"
			}
		},
		"node_modules/@rdfjs/dataset": {
			"version": "1.1.1",
			"license": "MIT",
			"dependencies": {
				"@rdfjs/data-model": "^1.2.0"
			},
			"bin": {
				"rdfjs-dataset-test": "bin/test.js"
			}
		},
		"node_modules/@rdfjs/namespace": {
			"version": "1.1.0",
			"license": "MIT",
			"dependencies": {
				"@rdfjs/data-model": "^1.1.0"
			},
			"engines": {
				"node": ">=6"
			}
		},
		"node_modules/@rdfjs/term-set": {
			"version": "1.1.0",
			"license": "MIT",
			"dependencies": {
				"@rdfjs/to-ntriples": "^2.0.0"
			}
		},
		"node_modules/@rdfjs/to-ntriples": {
			"version": "2.0.0",
			"license": "MIT"
		},
		"node_modules/@rdfjs/types": {
			"version": "1.1.0",
			"license": "MIT",
			"dependencies": {
				"@types/node": "*"
			}
		},
		"node_modules/@rmlio/rmlmapper-java-wrapper": {
			"version": "2.0.3",
			"license": "MIT",
			"dependencies": {
				"follow-redirects": "^1.7.0",
				"fs-extra": "^7.0.1",
				"n3": "^1.9.0",
				"rdf-isomorphic": "^1.1.0",
				"uuid": "^8.3.2"
			}
		},
		"node_modules/@tsconfig/node14": {
			"version": "1.0.3",
			"dev": true,
			"license": "MIT"
		},
		"node_modules/@types/json-schema": {
			"version": "7.0.11",
			"license": "MIT"
		},
		"node_modules/@types/jsonld": {
			"version": "1.5.6",
			"dev": true,
			"license": "MIT"
		},
		"node_modules/@types/node": {
			"version": "18.7.3",
			"license": "MIT"
		},
		"node_modules/@xmldom/xmldom": {
			"version": "0.8.2",
			"license": "MIT",
			"engines": {
				"node": ">=10.0.0"
			}
		},
		"node_modules/abort-controller": {
			"version": "3.0.0",
			"license": "MIT",
			"dependencies": {
				"event-target-shim": "^5.0.0"
			},
			"engines": {
				"node": ">=6.5"
			}
		},
		"node_modules/argparse": {
			"version": "2.0.1",
			"license": "Python-2.0"
		},
		"node_modules/asynckit": {
			"version": "0.4.0",
			"license": "MIT"
		},
		"node_modules/axios": {
			"version": "0.27.2",
			"license": "MIT",
			"dependencies": {
				"follow-redirects": "^1.14.9",
				"form-data": "^4.0.0"
			}
		},
		"node_modules/boolbase": {
			"version": "1.0.0",
			"license": "ISC"
		},
		"node_modules/call-me-maybe": {
			"version": "1.0.1",
			"license": "MIT"
		},
		"node_modules/canonicalize": {
			"version": "1.0.8",
			"license": "Apache-2.0"
		},
		"node_modules/cheerio": {
			"version": "1.0.0-rc.10",
			"license": "MIT",
			"dependencies": {
				"cheerio-select": "^1.5.0",
				"dom-serializer": "^1.3.2",
				"domhandler": "^4.2.0",
				"htmlparser2": "^6.1.0",
				"parse5": "^6.0.1",
				"parse5-htmlparser2-tree-adapter": "^6.0.1",
				"tslib": "^2.2.0"
			},
			"engines": {
				"node": ">= 6"
			},
			"funding": {
				"url": "https://github.com/cheeriojs/cheerio?sponsor=1"
			}
		},
		"node_modules/cheerio-select": {
			"version": "1.6.0",
			"license": "BSD-2-Clause",
			"dependencies": {
				"css-select": "^4.3.0",
				"css-what": "^6.0.1",
				"domelementtype": "^2.2.0",
				"domhandler": "^4.3.1",
				"domutils": "^2.8.0"
			},
			"funding": {
				"url": "https://github.com/sponsors/fb55"
			}
		},
		"node_modules/clownface": {
			"version": "1.5.1",
			"license": "MIT",
			"dependencies": {
				"@rdfjs/data-model": "^1.1.0",
				"@rdfjs/namespace": "^1.0.0"
			}
		},
		"node_modules/combined-stream": {
			"version": "1.0.8",
			"license": "MIT",
			"dependencies": {
				"delayed-stream": "~1.0.0"
			},
			"engines": {
				"node": ">= 0.8"
			}
		},
		"node_modules/css-select": {
			"version": "4.3.0",
			"license": "BSD-2-Clause",
			"dependencies": {
				"boolbase": "^1.0.0",
				"css-what": "^6.0.1",
				"domhandler": "^4.3.1",
				"domutils": "^2.8.0",
				"nth-check": "^2.0.1"
			},
			"funding": {
				"url": "https://github.com/sponsors/fb55"
			}
		},
		"node_modules/css-what": {
			"version": "6.1.0",
			"license": "BSD-2-Clause",
			"engines": {
				"node": ">= 6"
			},
			"funding": {
				"url": "https://github.com/sponsors/fb55"
			}
		},
		"node_modules/csvjson": {
			"version": "5.1.0",
			"license": "MIT"
		},
		"node_modules/data-uri-to-buffer": {
			"version": "4.0.0",
			"license": "MIT",
			"engines": {
				"node": ">= 12"
			}
		},
		"node_modules/debug": {
			"version": "4.3.4",
			"license": "MIT",
			"dependencies": {
				"ms": "2.1.2"
			},
			"engines": {
				"node": ">=6.0"
			},
			"peerDependenciesMeta": {
				"supports-color": {
					"optional": true
				}
			}
		},
		"node_modules/delayed-stream": {
			"version": "1.0.0",
			"license": "MIT",
			"engines": {
				"node": ">=0.4.0"
			}
		},
		"node_modules/dom-serializer": {
			"version": "1.4.1",
			"license": "MIT",
			"dependencies": {
				"domelementtype": "^2.0.1",
				"domhandler": "^4.2.0",
				"entities": "^2.0.0"
			},
			"funding": {
				"url": "https://github.com/cheeriojs/dom-serializer?sponsor=1"
			}
		},
		"node_modules/domelementtype": {
			"version": "2.3.0",
			"funding": [
				{
					"type": "github",
					"url": "https://github.com/sponsors/fb55"
				}
			],
			"license": "BSD-2-Clause"
		},
		"node_modules/domhandler": {
			"version": "4.3.1",
			"license": "BSD-2-Clause",
			"dependencies": {
				"domelementtype": "^2.2.0"
			},
			"engines": {
				"node": ">= 4"
			},
			"funding": {
				"url": "https://github.com/fb55/domhandler?sponsor=1"
			}
		},
		"node_modules/domutils": {
			"version": "2.8.0",
			"license": "BSD-2-Clause",
			"dependencies": {
				"dom-serializer": "^1.0.1",
				"domelementtype": "^2.2.0",
				"domhandler": "^4.2.0"
			},
			"funding": {
				"url": "https://github.com/fb55/domutils?sponsor=1"
			}
		},
		"node_modules/entities": {
			"version": "2.2.0",
			"license": "BSD-2-Clause",
			"funding": {
				"url": "https://github.com/fb55/entities?sponsor=1"
			}
		},
		"node_modules/esm": {
			"version": "3.2.25",
			"license": "MIT",
			"engines": {
				"node": ">=6"
			}
		},
		"node_modules/event-target-shim": {
			"version": "5.0.1",
			"license": "MIT",
			"engines": {
				"node": ">=6"
			}
		},
		"node_modules/fetch-blob": {
			"version": "3.2.0",
			"funding": [
				{
					"type": "github",
					"url": "https://github.com/sponsors/jimmywarting"
				},
				{
					"type": "paypal",
					"url": "https://paypal.me/jimmywarting"
				}
			],
			"license": "MIT",
			"dependencies": {
				"node-domexception": "^1.0.0",
				"web-streams-polyfill": "^3.0.3"
			},
			"engines": {
				"node": "^12.20 || >= 14.13"
			}
		},
		"node_modules/follow-redirects": {
			"version": "1.15.1",
			"funding": [
				{
					"type": "individual",
					"url": "https://github.com/sponsors/RubenVerborgh"
				}
			],
			"license": "MIT",
			"engines": {
				"node": ">=4.0"
			},
			"peerDependenciesMeta": {
				"debug": {
					"optional": true
				}
			}
		},
		"node_modules/fontoxpath": {
			"version": "3.26.2",
			"license": "MIT",
			"dependencies": {
				"prsc": "3.1.0",
				"xspattern": "^2.0.0"
			}
		},
		"node_modules/form-data": {
			"version": "4.0.0",
			"license": "MIT",
			"dependencies": {
				"asynckit": "^0.4.0",
				"combined-stream": "^1.0.8",
				"mime-types": "^2.1.12"
			},
			"engines": {
				"node": ">= 6"
			}
		},
		"node_modules/formdata-polyfill": {
			"version": "4.0.10",
			"license": "MIT",
			"dependencies": {
				"fetch-blob": "^3.1.2"
			},
			"engines": {
				"node": ">=12.20.0"
			}
		},
		"node_modules/fs-extra": {
			"version": "7.0.1",
			"license": "MIT",
			"dependencies": {
				"graceful-fs": "^4.1.2",
				"jsonfile": "^4.0.0",
				"universalify": "^0.1.0"
			},
			"engines": {
				"node": ">=6 <7 || >=8"
			}
		},
		"node_modules/graceful-fs": {
			"version": "4.2.10",
			"license": "ISC"
		},
		"node_modules/hash.js": {
			"version": "1.1.7",
			"license": "MIT",
			"dependencies": {
				"inherits": "^2.0.3",
				"minimalistic-assert": "^1.0.1"
			}
		},
		"node_modules/he": {
			"version": "1.2.0",
			"license": "MIT",
			"bin": {
				"he": "bin/he"
			}
		},
		"node_modules/html2plaintext": {
			"version": "2.1.4",
			"license": "MIT",
			"dependencies": {
				"cheerio": "1.0.0-rc.10",
				"he": "1.2.0",
				"plumb": "0.1.0"
			}
		},
		"node_modules/htmlparser2": {
			"version": "6.1.0",
			"funding": [
				"https://github.com/fb55/htmlparser2?sponsor=1",
				{
					"type": "github",
					"url": "https://github.com/sponsors/fb55"
				}
			],
			"license": "MIT",
			"dependencies": {
				"domelementtype": "^2.0.1",
				"domhandler": "^4.0.0",
				"domutils": "^2.5.2",
				"entities": "^2.0.0"
			}
		},
		"node_modules/inherits": {
			"version": "2.0.4",
			"license": "ISC"
		},
		"node_modules/js-yaml": {
			"version": "4.1.0",
			"license": "MIT",
			"dependencies": {
				"argparse": "^2.0.1"
			},
			"bin": {
				"js-yaml": "bin/js-yaml.js"
			}
		},
		"node_modules/jsonfile": {
			"version": "4.0.0",
			"license": "MIT",
			"optionalDependencies": {
				"graceful-fs": "^4.1.6"
			}
		},
		"node_modules/jsonld": {
			"version": "6.0.0",
			"license": "BSD-3-Clause",
			"dependencies": {
				"@digitalbazaar/http-client": "^3.2.0",
				"canonicalize": "^1.0.1",
				"lru-cache": "^6.0.0",
				"rdf-canonize": "^3.0.0"
			},
			"engines": {
				"node": ">=14"
			}
		},
		"node_modules/jsonpath-plus": {
			"version": "7.0.0",
			"license": "MIT",
			"engines": {
				"node": ">=12.0.0"
			}
		},
		"node_modules/ky": {
			"version": "0.30.0",
			"license": "MIT",
			"engines": {
				"node": ">=12"
			},
			"funding": {
				"url": "https://github.com/sindresorhus/ky?sponsor=1"
			}
		},
		"node_modules/ky-universal": {
			"version": "0.10.1",
			"license": "MIT",
			"dependencies": {
				"abort-controller": "^3.0.0",
				"node-fetch": "^3.2.2"
			},
			"engines": {
				"node": ">=14"
			},
			"funding": {
				"url": "https://github.com/sindresorhus/ky-universal?sponsor=1"
			},
			"peerDependencies": {
				"ky": ">=0.26.0",
				"web-streams-polyfill": ">=3.0.1"
			},
			"peerDependenciesMeta": {
				"web-streams-polyfill": {
					"optional": true
				}
			}
		},
		"node_modules/language-subtag-registry": {
			"version": "0.3.22",
			"license": "CC0-1.0"
		},
		"node_modules/language-tags": {
			"version": "1.0.5",
			"license": "MIT",
			"dependencies": {
				"language-subtag-registry": "~0.3.2"
			}
		},
		"node_modules/lru-cache": {
			"version": "6.0.0",
			"license": "ISC",
			"dependencies": {
				"yallist": "^4.0.0"
			},
			"engines": {
				"node": ">=10"
			}
		},
		"node_modules/mime-db": {
			"version": "1.52.0",
			"license": "MIT",
			"engines": {
				"node": ">= 0.6"
			}
		},
		"node_modules/mime-types": {
			"version": "2.1.35",
			"license": "MIT",
			"dependencies": {
				"mime-db": "1.52.0"
			},
			"engines": {
				"node": ">= 0.6"
			}
		},
		"node_modules/minimalistic-assert": {
			"version": "1.0.1",
			"license": "ISC"
		},
		"node_modules/ms": {
			"version": "2.1.2",
			"license": "MIT"
		},
		"node_modules/n3": {
			"version": "1.16.2",
			"license": "MIT",
			"dependencies": {
				"queue-microtask": "^1.1.2",
				"readable-stream": "^3.6.0"
			},
			"engines": {
				"node": ">=8.0"
			}
		},
		"node_modules/node-domexception": {
			"version": "1.0.0",
			"funding": [
				{
					"type": "github",
					"url": "https://github.com/sponsors/jimmywarting"
				},
				{
					"type": "github",
					"url": "https://paypal.me/jimmywarting"
				}
			],
			"license": "MIT",
			"engines": {
				"node": ">=10.5.0"
			}
		},
		"node_modules/node-fetch": {
			"version": "3.2.10",
			"license": "MIT",
			"dependencies": {
				"data-uri-to-buffer": "^4.0.0",
				"fetch-blob": "^3.1.4",
				"formdata-polyfill": "^4.0.10"
			},
			"engines": {
				"node": "^12.20.0 || ^14.13.1 || >=16.0.0"
			},
			"funding": {
				"type": "opencollective",
				"url": "https://opencollective.com/node-fetch"
			}
		},
		"node_modules/nth-check": {
			"version": "2.1.1",
			"license": "BSD-2-Clause",
			"dependencies": {
				"boolbase": "^1.0.0"
			},
			"funding": {
				"url": "https://github.com/fb55/nth-check?sponsor=1"
			}
		},
		"node_modules/parse5": {
			"version": "6.0.1",
			"license": "MIT"
		},
		"node_modules/parse5-htmlparser2-tree-adapter": {
			"version": "6.0.1",
			"license": "MIT",
			"dependencies": {
				"parse5": "^6.0.1"
			}
		},
		"node_modules/plumb": {
			"version": "0.1.0",
			"license": "MIT"
		},
		"node_modules/prsc": {
			"version": "3.1.0",
			"license": "MIT"
		},
		"node_modules/queue-microtask": {
			"version": "1.2.3",
			"funding": [
				{
					"type": "github",
					"url": "https://github.com/sponsors/feross"
				},
				{
					"type": "patreon",
					"url": "https://www.patreon.com/feross"
				},
				{
					"type": "consulting",
					"url": "https://feross.org/support"
				}
			],
			"license": "MIT"
		},
		"node_modules/rdf-canonize": {
			"version": "3.0.0",
			"license": "BSD-3-Clause",
			"dependencies": {
				"setimmediate": "^1.0.5"
			},
			"engines": {
				"node": ">=12"
			}
		},
		"node_modules/rdf-data-factory": {
			"version": "1.1.1",
			"license": "MIT",
			"dependencies": {
				"@rdfjs/types": "*"
			}
		},
		"node_modules/rdf-isomorphic": {
			"version": "1.3.0",
			"license": "MIT",
			"dependencies": {
				"@rdfjs/types": "*",
				"hash.js": "^1.1.7",
				"rdf-string": "^1.6.0",
				"rdf-terms": "^1.7.0"
			}
		},
		"node_modules/rdf-literal": {
			"version": "1.3.0",
			"license": "MIT",
			"dependencies": {
				"@rdfjs/types": "*",
				"rdf-data-factory": "^1.1.0"
			}
		},
		"node_modules/rdf-string": {
			"version": "1.6.1",
			"license": "MIT",
			"dependencies": {
				"@rdfjs/types": "*",
				"rdf-data-factory": "^1.1.0"
			}
		},
		"node_modules/rdf-terms": {
			"version": "1.9.0",
			"license": "MIT",
			"dependencies": {
				"@rdfjs/types": "*",
				"rdf-data-factory": "^1.1.0",
				"rdf-string": "^1.6.0"
			}
		},
		"node_modules/rdf-validate-datatype": {
			"version": "0.1.4",
			"license": "MIT",
			"dependencies": {
				"@rdfjs/namespace": "^1.1.0",
				"@rdfjs/to-ntriples": "^1.0.2"
			},
			"engines": {
				"node": ">=10.4"
			}
		},
		"node_modules/rdf-validate-datatype/node_modules/@rdfjs/to-ntriples": {
			"version": "1.0.2",
			"license": "MIT",
			"engines": {
				"node": ">=6"
			}
		},
		"node_modules/rdf-validate-shacl": {
			"version": "0.4.4",
			"license": "MIT",
			"dependencies": {
				"@rdfjs/dataset": "^1.1.1",
				"@rdfjs/namespace": "^1.0.0",
				"@rdfjs/term-set": "^1.1.0",
				"clownface": "^1.4.0",
				"debug": "^4.3.2",
				"rdf-literal": "^1.3.0",
				"rdf-validate-datatype": "^0.1.4"
			}
		},
		"node_modules/readable-stream": {
			"version": "3.6.0",
			"license": "MIT",
			"dependencies": {
				"inherits": "^2.0.3",
				"string_decoder": "^1.1.1",
				"util-deprecate": "^1.0.1"
			},
			"engines": {
				"node": ">= 6"
			}
		},
		"node_modules/safe-buffer": {
			"version": "5.2.1",
			"funding": [
				{
					"type": "github",
					"url": "https://github.com/sponsors/feross"
				},
				{
					"type": "patreon",
					"url": "https://www.patreon.com/feross"
				},
				{
					"type": "consulting",
					"url": "https://feross.org/support"
				}
			],
			"license": "MIT"
		},
		"node_modules/setimmediate": {
			"version": "1.0.5",
			"license": "MIT"
		},
		"node_modules/slimdom": {
			"version": "4.0.2",
			"license": "MIT"
		},
		"node_modules/string_decoder": {
			"version": "1.3.0",
			"license": "MIT",
			"dependencies": {
				"safe-buffer": "~5.2.0"
			}
		},
		"node_modules/tslib": {
			"version": "2.4.0",
			"license": "0BSD"
		},
		"node_modules/typescript": {
			"version": "4.7.4",
			"dev": true,
			"license": "Apache-2.0",
			"bin": {
				"tsc": "bin/tsc",
				"tsserver": "bin/tsserver"
			},
			"engines": {
				"node": ">=4.2.0"
			}
		},
		"node_modules/undici": {
			"version": "5.8.2",
			"license": "MIT",
			"engines": {
				"node": ">=12.18"
			}
		},
		"node_modules/universalify": {
			"version": "0.1.2",
			"license": "MIT",
			"engines": {
				"node": ">= 4.0.0"
			}
		},
		"node_modules/util-deprecate": {
			"version": "1.0.2",
			"license": "MIT"
		},
		"node_modules/utm": {
			"version": "1.1.1",
			"license": "MIT"
		},
		"node_modules/uuid": {
			"version": "8.3.2",
			"license": "MIT",
			"bin": {
				"uuid": "dist/bin/uuid"
			}
		},
		"node_modules/web-streams-polyfill": {
			"version": "3.2.1",
			"license": "MIT",
			"engines": {
				"node": ">= 8"
			}
		},
		"node_modules/whynot": {
			"version": "4.0.1",
			"license": "MIT"
		},
		"node_modules/xpath": {
			"version": "0.0.32",
			"license": "MIT",
			"engines": {
				"node": ">=0.6.0"
			}
		},
		"node_modules/xspattern": {
			"version": "2.0.1",
			"license": "MIT",
			"dependencies": {
				"prsc": "^3.1.1",
				"whynot": "^4.0.1"
			}
		},
		"node_modules/xspattern/node_modules/prsc": {
			"version": "3.3.0",
			"license": "MIT"
		},
		"node_modules/yallist": {
			"version": "4.0.0",
			"license": "ISC"
		}
	},
	"dependencies": {
		"@apidevtools/json-schema-ref-parser": {
			"version": "9.0.9",
			"requires": {
				"@jsdevtools/ono": "^7.1.3",
				"@types/json-schema": "^7.0.6",
				"call-me-maybe": "^1.0.1",
				"js-yaml": "^4.1.0"
			}
		},
		"@comake/openapi-operation-executor": {
			"version": "0.3.4",
			"requires": {
				"@apidevtools/json-schema-ref-parser": "^9.0.9",
				"axios": "^0.27.2"
			}
		},
		"@comake/rmlmapper-js": {
			"version": "0.0.6",
			"requires": {
				"@xmldom/xmldom": "^0.8.2",
				"csvjson": "^5.1.0",
				"fontoxpath": "^3.26.2",
				"html2plaintext": "^2.1.4",
				"jsonld": "^5.2.0",
				"jsonpath-plus": "^7.0.0",
				"language-tags": "^1.0.5",
				"n3": "^1.16.2",
				"slimdom": "^4.0.1",
				"utm": "^1.1.1",
				"xpath": "^0.0.32"
			},
			"dependencies": {
				"@digitalbazaar/http-client": {
					"version": "1.2.0",
					"requires": {
						"esm": "^3.2.22",
						"ky": "^0.25.1",
						"ky-universal": "^0.8.2"
					}
				},
				"data-uri-to-buffer": {
					"version": "3.0.1"
				},
				"fetch-blob": {
					"version": "2.1.2"
				},
				"jsonld": {
					"version": "5.2.0",
					"requires": {
						"@digitalbazaar/http-client": "^1.1.0",
						"canonicalize": "^1.0.1",
						"lru-cache": "^6.0.0",
						"rdf-canonize": "^3.0.0"
					}
				},
				"ky": {
					"version": "0.25.1"
				},
				"ky-universal": {
					"version": "0.8.2",
					"requires": {
						"abort-controller": "^3.0.0",
						"node-fetch": "3.0.0-beta.9"
					}
				},
				"node-fetch": {
					"version": "3.0.0-beta.9",
					"requires": {
						"data-uri-to-buffer": "^3.0.1",
						"fetch-blob": "^2.1.1"
					}
				}
			}
		},
		"@comake/skql-js-engine": {
			"version": "file:comake-skql-js-engine-0.5.0.tgz",
			"integrity": "sha512-G6eNlkdqM0qb8JmFsh8VeYj5iFJY3eDZGQx8a//m4N6XCKJFndFCJp4ya1hc/M9PY/ID7/lL8/wncBtODTDH8A==",
			"requires": {
				"@comake/openapi-operation-executor": "^0.3.4",
				"@comake/rmlmapper-js": "^0.0.6",
				"@rmlio/rmlmapper-java-wrapper": "^2.0.3",
				"axios": "^0.27.2",
				"js-yaml": "^4.1.0",
				"jsonld": "^5.2.0",
				"mime-types": "^2.1.35",
				"n3": "^1.16.2",
				"rdf-validate-shacl": "^0.4.4",
				"uuid": "^8.3.2"
			},
			"dependencies": {
				"@digitalbazaar/http-client": {
					"version": "1.2.0",
					"requires": {
						"esm": "^3.2.22",
						"ky": "^0.25.1",
						"ky-universal": "^0.8.2"
					}
				},
				"data-uri-to-buffer": {
					"version": "3.0.1"
				},
				"fetch-blob": {
					"version": "2.1.2"
				},
				"jsonld": {
					"version": "5.2.0",
					"requires": {
						"@digitalbazaar/http-client": "^1.1.0",
						"canonicalize": "^1.0.1",
						"lru-cache": "^6.0.0",
						"rdf-canonize": "^3.0.0"
					}
				},
				"ky": {
					"version": "0.25.1"
				},
				"ky-universal": {
					"version": "0.8.2",
					"requires": {
						"abort-controller": "^3.0.0",
						"node-fetch": "3.0.0-beta.9"
					}
				},
				"node-fetch": {
					"version": "3.0.0-beta.9",
					"requires": {
						"data-uri-to-buffer": "^3.0.1",
						"fetch-blob": "^2.1.1"
					}
				}
			}
		},
		"@digitalbazaar/http-client": {
			"version": "3.2.0",
			"requires": {
				"ky": "^0.30.0",
				"ky-universal": "^0.10.1",
				"undici": "^5.2.0"
			}
		},
		"@jsdevtools/ono": {
			"version": "7.1.3"
		},
		"@rdfjs/data-model": {
			"version": "1.3.4",
			"requires": {
				"@rdfjs/types": ">=1.0.1"
			}
		},
		"@rdfjs/dataset": {
			"version": "1.1.1",
			"requires": {
				"@rdfjs/data-model": "^1.2.0"
			}
		},
		"@rdfjs/namespace": {
			"version": "1.1.0",
			"requires": {
				"@rdfjs/data-model": "^1.1.0"
			}
		},
		"@rdfjs/term-set": {
			"version": "1.1.0",
			"requires": {
				"@rdfjs/to-ntriples": "^2.0.0"
			}
		},
		"@rdfjs/to-ntriples": {
			"version": "2.0.0"
		},
		"@rdfjs/types": {
			"version": "1.1.0",
			"requires": {
				"@types/node": "*"
			}
		},
		"@rmlio/rmlmapper-java-wrapper": {
			"version": "2.0.3",
			"requires": {
				"follow-redirects": "^1.7.0",
				"fs-extra": "^7.0.1",
				"n3": "^1.9.0",
				"rdf-isomorphic": "^1.1.0",
				"uuid": "^8.3.2"
			}
		},
		"@tsconfig/node14": {
			"version": "1.0.3",
			"dev": true
		},
		"@types/json-schema": {
			"version": "7.0.11"
		},
		"@types/jsonld": {
			"version": "1.5.6",
			"dev": true
		},
		"@types/node": {
			"version": "18.7.3"
		},
		"@xmldom/xmldom": {
			"version": "0.8.2"
		},
		"abort-controller": {
			"version": "3.0.0",
			"requires": {
				"event-target-shim": "^5.0.0"
			}
		},
		"argparse": {
			"version": "2.0.1"
		},
		"asynckit": {
			"version": "0.4.0"
		},
		"axios": {
			"version": "0.27.2",
			"requires": {
				"follow-redirects": "^1.14.9",
				"form-data": "^4.0.0"
			}
		},
		"boolbase": {
			"version": "1.0.0"
		},
		"call-me-maybe": {
			"version": "1.0.1"
		},
		"canonicalize": {
			"version": "1.0.8"
		},
		"cheerio": {
			"version": "1.0.0-rc.10",
			"requires": {
				"cheerio-select": "^1.5.0",
				"dom-serializer": "^1.3.2",
				"domhandler": "^4.2.0",
				"htmlparser2": "^6.1.0",
				"parse5": "^6.0.1",
				"parse5-htmlparser2-tree-adapter": "^6.0.1",
				"tslib": "^2.2.0"
			}
		},
		"cheerio-select": {
			"version": "1.6.0",
			"requires": {
				"css-select": "^4.3.0",
				"css-what": "^6.0.1",
				"domelementtype": "^2.2.0",
				"domhandler": "^4.3.1",
				"domutils": "^2.8.0"
			}
		},
		"clownface": {
			"version": "1.5.1",
			"requires": {
				"@rdfjs/data-model": "^1.1.0",
				"@rdfjs/namespace": "^1.0.0"
			}
		},
		"combined-stream": {
			"version": "1.0.8",
			"requires": {
				"delayed-stream": "~1.0.0"
			}
		},
		"css-select": {
			"version": "4.3.0",
			"requires": {
				"boolbase": "^1.0.0",
				"css-what": "^6.0.1",
				"domhandler": "^4.3.1",
				"domutils": "^2.8.0",
				"nth-check": "^2.0.1"
			}
		},
		"css-what": {
			"version": "6.1.0"
		},
		"csvjson": {
			"version": "5.1.0"
		},
		"data-uri-to-buffer": {
			"version": "4.0.0"
		},
		"debug": {
			"version": "4.3.4",
			"requires": {
				"ms": "2.1.2"
			}
		},
		"delayed-stream": {
			"version": "1.0.0"
		},
		"dom-serializer": {
			"version": "1.4.1",
			"requires": {
				"domelementtype": "^2.0.1",
				"domhandler": "^4.2.0",
				"entities": "^2.0.0"
			}
		},
		"domelementtype": {
			"version": "2.3.0"
		},
		"domhandler": {
			"version": "4.3.1",
			"requires": {
				"domelementtype": "^2.2.0"
			}
		},
		"domutils": {
			"version": "2.8.0",
			"requires": {
				"dom-serializer": "^1.0.1",
				"domelementtype": "^2.2.0",
				"domhandler": "^4.2.0"
			}
		},
		"entities": {
			"version": "2.2.0"
		},
		"esm": {
			"version": "3.2.25"
		},
		"event-target-shim": {
			"version": "5.0.1"
		},
		"fetch-blob": {
			"version": "3.2.0",
			"requires": {
				"node-domexception": "^1.0.0",
				"web-streams-polyfill": "^3.0.3"
			}
		},
		"follow-redirects": {
			"version": "1.15.1"
		},
		"fontoxpath": {
			"version": "3.26.2",
			"requires": {
				"prsc": "3.1.0",
				"xspattern": "^2.0.0"
			}
		},
		"form-data": {
			"version": "4.0.0",
			"requires": {
				"asynckit": "^0.4.0",
				"combined-stream": "^1.0.8",
				"mime-types": "^2.1.12"
			}
		},
		"formdata-polyfill": {
			"version": "4.0.10",
			"requires": {
				"fetch-blob": "^3.1.2"
			}
		},
		"fs-extra": {
			"version": "7.0.1",
			"requires": {
				"graceful-fs": "^4.1.2",
				"jsonfile": "^4.0.0",
				"universalify": "^0.1.0"
			}
		},
		"graceful-fs": {
			"version": "4.2.10"
		},
		"hash.js": {
			"version": "1.1.7",
			"requires": {
				"inherits": "^2.0.3",
				"minimalistic-assert": "^1.0.1"
			}
		},
		"he": {
			"version": "1.2.0"
		},
		"html2plaintext": {
			"version": "2.1.4",
			"requires": {
				"cheerio": "1.0.0-rc.10",
				"he": "1.2.0",
				"plumb": "0.1.0"
			}
		},
		"htmlparser2": {
			"version": "6.1.0",
			"requires": {
				"domelementtype": "^2.0.1",
				"domhandler": "^4.0.0",
				"domutils": "^2.5.2",
				"entities": "^2.0.0"
			}
		},
		"inherits": {
			"version": "2.0.4"
		},
		"js-yaml": {
			"version": "4.1.0",
			"requires": {
				"argparse": "^2.0.1"
			}
		},
		"jsonfile": {
			"version": "4.0.0",
			"requires": {
				"graceful-fs": "^4.1.6"
			}
		},
		"jsonld": {
			"version": "6.0.0",
			"requires": {
				"@digitalbazaar/http-client": "^3.2.0",
				"canonicalize": "^1.0.1",
				"lru-cache": "^6.0.0",
				"rdf-canonize": "^3.0.0"
			}
		},
		"jsonpath-plus": {
			"version": "7.0.0"
		},
		"ky": {
			"version": "0.30.0"
		},
		"ky-universal": {
			"version": "0.10.1",
			"requires": {
				"abort-controller": "^3.0.0",
				"node-fetch": "^3.2.2"
			}
		},
		"language-subtag-registry": {
			"version": "0.3.22"
		},
		"language-tags": {
			"version": "1.0.5",
			"requires": {
				"language-subtag-registry": "~0.3.2"
			}
		},
		"lru-cache": {
			"version": "6.0.0",
			"requires": {
				"yallist": "^4.0.0"
			}
		},
		"mime-db": {
			"version": "1.52.0"
		},
		"mime-types": {
			"version": "2.1.35",
			"requires": {
				"mime-db": "1.52.0"
			}
		},
		"minimalistic-assert": {
			"version": "1.0.1"
		},
		"ms": {
			"version": "2.1.2"
		},
		"n3": {
			"version": "1.16.2",
			"requires": {
				"queue-microtask": "^1.1.2",
				"readable-stream": "^3.6.0"
			}
		},
		"node-domexception": {
			"version": "1.0.0"
		},
		"node-fetch": {
			"version": "3.2.10",
			"requires": {
				"data-uri-to-buffer": "^4.0.0",
				"fetch-blob": "^3.1.4",
				"formdata-polyfill": "^4.0.10"
			}
		},
		"nth-check": {
			"version": "2.1.1",
			"requires": {
				"boolbase": "^1.0.0"
			}
		},
		"parse5": {
			"version": "6.0.1"
		},
		"parse5-htmlparser2-tree-adapter": {
			"version": "6.0.1",
			"requires": {
				"parse5": "^6.0.1"
			}
		},
		"plumb": {
			"version": "0.1.0"
		},
		"prsc": {
			"version": "3.1.0"
		},
		"queue-microtask": {
			"version": "1.2.3"
		},
		"rdf-canonize": {
			"version": "3.0.0",
			"requires": {
				"setimmediate": "^1.0.5"
			}
		},
		"rdf-data-factory": {
			"version": "1.1.1",
			"requires": {
				"@rdfjs/types": "*"
			}
		},
		"rdf-isomorphic": {
			"version": "1.3.0",
			"requires": {
				"@rdfjs/types": "*",
				"hash.js": "^1.1.7",
				"rdf-string": "^1.6.0",
				"rdf-terms": "^1.7.0"
			}
		},
		"rdf-literal": {
			"version": "1.3.0",
			"requires": {
				"@rdfjs/types": "*",
				"rdf-data-factory": "^1.1.0"
			}
		},
		"rdf-string": {
			"version": "1.6.1",
			"requires": {
				"@rdfjs/types": "*",
				"rdf-data-factory": "^1.1.0"
			}
		},
		"rdf-terms": {
			"version": "1.9.0",
			"requires": {
				"@rdfjs/types": "*",
				"rdf-data-factory": "^1.1.0",
				"rdf-string": "^1.6.0"
			}
		},
		"rdf-validate-datatype": {
			"version": "0.1.4",
			"requires": {
				"@rdfjs/namespace": "^1.1.0",
				"@rdfjs/to-ntriples": "^1.0.2"
			},
			"dependencies": {
				"@rdfjs/to-ntriples": {
					"version": "1.0.2"
				}
			}
		},
		"rdf-validate-shacl": {
			"version": "0.4.4",
			"requires": {
				"@rdfjs/dataset": "^1.1.1",
				"@rdfjs/namespace": "^1.0.0",
				"@rdfjs/term-set": "^1.1.0",
				"clownface": "^1.4.0",
				"debug": "^4.3.2",
				"rdf-literal": "^1.3.0",
				"rdf-validate-datatype": "^0.1.4"
			}
		},
		"readable-stream": {
			"version": "3.6.0",
			"requires": {
				"inherits": "^2.0.3",
				"string_decoder": "^1.1.1",
				"util-deprecate": "^1.0.1"
			}
		},
		"safe-buffer": {
			"version": "5.2.1"
		},
		"setimmediate": {
			"version": "1.0.5"
		},
		"slimdom": {
			"version": "4.0.2"
		},
		"string_decoder": {
			"version": "1.3.0",
			"requires": {
				"safe-buffer": "~5.2.0"
			}
		},
		"tslib": {
			"version": "2.4.0"
		},
		"typescript": {
			"version": "4.7.4",
			"dev": true
		},
		"undici": {
			"version": "5.8.2"
		},
		"universalify": {
			"version": "0.1.2"
		},
		"util-deprecate": {
			"version": "1.0.2"
		},
		"utm": {
			"version": "1.1.1"
		},
		"uuid": {
			"version": "8.3.2"
		},
		"web-streams-polyfill": {
			"version": "3.2.1"
		},
		"whynot": {
			"version": "4.0.1"
		},
		"xpath": {
			"version": "0.0.32"
		},
		"xspattern": {
			"version": "2.0.1",
			"requires": {
				"prsc": "^3.1.1",
				"whynot": "^4.0.1"
			},
			"dependencies": {
				"prsc": {
					"version": "3.3.0"
				}
			}
		},
		"yallist": {
			"version": "4.0.0"
		}
	}
}
